
Microsoft Visual Studio Solution File, Format Version 12.00
# Visual Studio 2012
Project("{8BC9CEB8-8B4A-11D0-8D11-00A0C91BC942}") = "0717--------18lesson", "0717--------18lesson\0717--------18lesson.vcxproj", "{CE436D6D-C210-4C5A-8A2E-CC4D09C43985}"
EndProject
Project("{8BC9CEB8-8B4A-11D0-8D11-00A0C91BC942}") = "ConsoleApplication1", "ConsoleApplication1\ConsoleApplication1.vcxproj", "{D47DABC7-0E5C-4536-AE01-110E4CE43C87}"
EndProject
Project("{F088123C-0E9E-452A-89E6-6BA2F21D5CAC}") = "飞机大战类图分析", "飞机大战类图分析\飞机大战类图分析.modelproj", "{BEC37CAC-2DD5-417F-9938-3BD6B0464858}"
EndProject
Project("{8BC9CEB8-8B4A-11D0-8D11-00A0C91BC942}") = "飞机大战代码开发", "飞机大战代码开发\飞机大战代码开发.vcxproj", "{0378546C-A9BF-4C1A-9182-57F4199BA0A4}"
EndProject
Global
	GlobalSection(SolutionConfigurationPlatforms) = preSolution
		Debug|Any CPU = Debug|Any CPU
		Debug|Mixed Platforms = Debug|Mixed Platforms
		Debug|Win32 = Debug|Win32
		Release|Any CPU = Release|Any CPU
		Release|Mixed Platforms = Release|Mixed Platforms
		Release|Win32 = Release|Win32
	EndGlobalSection
	GlobalSection(ProjectConfigurationPlatforms) = postSolution
		{CE436D6D-C210-4C5A-8A2E-CC4D09C43985}.Debug|Any CPU.ActiveCfg = Debug|Win32
		{CE436D6D-C210-4C5A-8A2E-CC4D09C43985}.Debug|Mixed Platforms.ActiveCfg = Debug|Win32
		{CE436D6D-C210-4C5A-8A2E-CC4D09C43985}.Debug|Mixed Platforms.Build.0 = Debug|Win32
		{CE436D6D-C210-4C5A-8A2E-CC4D09C43985}.Debug|Win32.ActiveCfg = Debug|Win32
		{CE436D6D-C210-4C5A-8A2E-CC4D09C43985}.Debug|Win32.Build.0 = Debug|Win32
		{CE436D6D-C210-4C5A-8A2E-CC4D09C43985}.Release|Any CPU.ActiveCfg = Release|Win32
		{CE436D6D-C210-4C5A-8A2E-CC4D09C43985}.Release|Mixed Platforms.ActiveCfg = Release|Win32
		{CE436D6D-C210-4C5A-8A2E-CC4D09C43985}.Release|Mixed Platforms.Build.0 = Release|Win32
		{CE436D6D-C210-4C5A-8A2E-CC4D09C43985}.Release|Win32.ActiveCfg = Release|Win32
		{CE436D6D-C210-4C5A-8A2E-CC4D09C43985}.Release|Win32.Build.0 = Release|Win32
		{D47DABC7-0E5C-4536-AE01-110E4CE43C87}.Debug|Any CPU.ActiveCfg = Debug|Win32
		{D47DABC7-0E5C-4536-AE01-110E4CE43C87}.Debug|Mixed Platforms.ActiveCfg = Debug|Win32
		{D47DABC7-0E5C-4536-AE01-110E4CE43C87}.Debug|Mixed Platforms.Build.0 = Debug|Win32
		{D47DABC7-0E5C-4536-AE01-110E4CE43C87}.Debug|Win32.ActiveCfg = Debug|Win32
		{D47DABC7-0E5C-4536-AE01-110E4CE43C87}.Debug|Win32.Build.0 = Debug|Win32
		{D47DABC7-0E5C-4536-AE01-110E4CE43C87}.Release|Any CPU.ActiveCfg = Release|Win32
		{D47DABC7-0E5C-4536-AE01-110E4CE43C87}.Release|Mixed Platforms.ActiveCfg = Release|Win32
		{D47DABC7-0E5C-4536-AE01-110E4CE43C87}.Release|Mixed Platforms.Build.0 = Release|Win32
		{D47DABC7-0E5C-4536-AE01-110E4CE43C87}.Release|Win32.ActiveCfg = Release|Win32
		{D47DABC7-0E5C-4536-AE01-110E4CE43C87}.Release|Win32.Build.0 = Release|Win32
		{BEC37CAC-2DD5-417F-9938-3BD6B0464858}.Debug|Any CPU.ActiveCfg = Debug|Any CPU
		{BEC37CAC-2DD5-417F-9938-3BD6B0464858}.Debug|Any CPU.Build.0 = Debug|Any CPU
		{BEC37CAC-2DD5-417F-9938-3BD6B0464858}.Debug|Mixed Platforms.ActiveCfg = Debug|Any CPU
		{BEC37CAC-2DD5-417F-9938-3BD6B0464858}.Debug|Mixed Platforms.Build.0 = Debug|Any CPU
		{BEC37CAC-2DD5-417F-9938-3BD6B0464858}.Debug|Win32.ActiveCfg = Debug|Any CPU
		{BEC37CAC-2DD5-417F-9938-3BD6B0464858}.Release|Any CPU.ActiveCfg = Release|Any CPU
		{BEC37CAC-2DD5-417F-9938-3BD6B0464858}.Release|Any CPU.Build.0 = Release|Any CPU
		{BEC37CAC-2DD5-417F-9938-3BD6B0464858}.Release|Mixed Platforms.ActiveCfg = Release|Any CPU
		{BEC37CAC-2DD5-417F-9938-3BD6B0464858}.Release|Mixed Platforms.Build.0 = Release|Any CPU
		{BEC37CAC-2DD5-417F-9938-3BD6B0464858}.Release|Win32.ActiveCfg = Release|Any CPU
		{0378546C-A9BF-4C1A-9182-57F4199BA0A4}.Debug|Any CPU.ActiveCfg = Debug|Win32
		{0378546C-A9BF-4C1A-9182-57F4199BA0A4}.Debug|Mixed Platforms.ActiveCfg = Debug|Win32
		{0378546C-A9BF-4C1A-9182-57F4199BA0A4}.Debug|Mixed Platforms.Build.0 = Debug|Win32
		{0378546C-A9BF-4C1A-9182-57F4199BA0A4}.Debug|Win32.ActiveCfg = Debug|Win32
		{0378546C-A9BF-4C1A-9182-57F4199BA0A4}.Debug|Win32.Build.0 = Debug|Win32
		{0378546C-A9BF-4C1A-9182-57F4199BA0A4}.Release|Any CPU.ActiveCfg = Release|Win32
		{0378546C-A9BF-4C1A-9182-57F4199BA0A4}.Release|Mixed Platforms.ActiveCfg = Release|Win32
		{0378546C-A9BF-4C1A-9182-57F4199BA0A4}.Release|Mixed Platforms.Build.0 = Release|Win32
		{0378546C-A9BF-4C1A-9182-57F4199BA0A4}.Release|Win32.ActiveCfg = Release|Win32
		{0378546C-A9BF-4C1A-9182-57F4199BA0A4}.Release|Win32.Build.0 = Release|Win32
	EndGlobalSection
	GlobalSection(SolutionProperties) = preSolution
		HideSolutionNode = FALSE
	EndGlobalSection
EndGlobal
